
Microsoft Visual Studio Solution File, Format Version 12.00
# Visual Studio 2012
Project("{8BC9CEB8-8B4A-11D0-8D11-00A0C91BC942}") = "Integer2English", "Integer2English\Integer2English.vcxproj", "{9AA456F1-1D6F-488E-9185-1E1229C03DBF}"
EndProject
Global
	GlobalSection(SolutionConfigurationPlatforms) = preSolution
		Debug|Win32 = Debug|Win32
		Release|Win32 = Release|Win32
	EndGlobalSection
	GlobalSection(ProjectConfigurationPlatforms) = postSolution
		{9AA456F1-1D6F-488E-9185-1E1229C03DBF}.Debug|Win32.ActiveCfg = Debug|Win32
		{9AA456F1-1D6F-488E-9185-1E1229C03DBF}.Debug|Win32.Build.0 = Debug|Win32
		{9AA456F1-1D6F-488E-9185-1E1229C03DBF}.Release|Win32.ActiveCfg = Release|Win32
		{9AA456F1-1D6F-488E-9185-1E1229C03DBF}.Release|Win32.Build.0 = Release|Win32
	EndGlobalSection
	GlobalSection(SolutionProperties) = preSolution
		HideSolutionNode = FALSE
	EndGlobalSection
EndGlobal
